// !$*UTF8*$!
{
	archiveVersion = 1;
	classes = {
	};
	objectVersion = 50;
	objects = {

/* Begin PBXBuildFile section */
		184BEE32264060EE006BBC33 /* serena.m4a in Resources */ = {isa = PBXBuildFile; fileRef = 184BEE31264060EE006BBC33 /* serena.m4a */; };
		18AFC9BC26404C9A0095D8E7 /* SystemSoundsApp.swift in Sources */ = {isa = PBXBuildFile; fileRef = 18AFC9BB26404C9A0095D8E7 /* SystemSoundsApp.swift */; };
		18AFC9BE26404C9A0095D8E7 /* ContentView.swift in Sources */ = {isa = PBXBuildFile; fileRef = 18AFC9BD26404C9A0095D8E7 /* ContentView.swift */; };
		18AFC9C026404C9B0095D8E7 /* Assets.xcassets in Resources */ = {isa = PBXBuildFile; fileRef = 18AFC9BF26404C9B0095D8E7 /* Assets.xcassets */; };
		18AFC9C326404C9B0095D8E7 /* Preview Assets.xcassets in Resources */ = {isa = PBXBuildFile; fileRef = 18AFC9C226404C9B0095D8E7 /* Preview Assets.xcassets */; };
		18AFC9CE26404C9B0095D8E7 /* SystemSoundsTests.swift in Sources */ = {isa = PBXBuildFile; fileRef = 18AFC9CD26404C9B0095D8E7 /* SystemSoundsTests.swift */; };
		18AFC9D926404C9B0095D8E7 /* SystemSoundsUITests.swift in Sources */ = {isa = PBXBuildFile; fileRef = 18AFC9D826404C9B0095D8E7 /* SystemSoundsUITests.swift */; };
		18AFC9E726404CB40095D8E7 /* Audio.swift in Sources */ = {isa = PBXBuildFile; fileRef = 18AFC9E626404CB40095D8E7 /* Audio.swift */; };
/* End PBXBuildFile section */

/* Begin PBXContainerItemProxy section */
		18AFC9CA26404C9B0095D8E7 /* PBXContainerItemProxy */ = {
			isa = PBXContainerItemProxy;
			containerPortal = 18AFC9B026404C9A0095D8E7 /* Project object */;
			proxyType = 1;
			remoteGlobalIDString = 18AFC9B726404C9A0095D8E7;
			remoteInfo = SystemSounds;
		};
		18AFC9D526404C9B0095D8E7 /* PBXContainerItemProxy */ = {
			isa = PBXContainerItemProxy;
			containerPortal = 18AFC9B026404C9A0095D8E7 /* Project object */;
			proxyType = 1;
			remoteGlobalIDString = 18AFC9B726404C9A0095D8E7;
			remoteInfo = SystemSounds;
		};
/* End PBXContainerItemProxy section */

/* Begin PBXFileReference section */
		184BEE31264060EE006BBC33 /* serena.m4a */ = {isa = PBXFileReference; lastKnownFileType = file; path = serena.m4a; sourceTree = "<group>"; };
		184BEE3326409CEB006BBC33 /* .gitignore */ = {isa = PBXFileReference; lastKnownFileType = text; path = .gitignore; sourceTree = "<group>"; };
		184BEE3426409CEB006BBC33 /* .swift-version */ = {isa = PBXFileReference; lastKnownFileType = text; path = ".swift-version"; sourceTree = "<group>"; };
		184BEE3526409CEB006BBC33 /* LICENSE */ = {isa = PBXFileReference; lastKnownFileType = text; path = LICENSE; sourceTree = "<group>"; };
		184BEE3626409CEC006BBC33 /* README.md */ = {isa = PBXFileReference; lastKnownFileType = net.daringfireball.markdown; path = README.md; sourceTree = "<group>"; };
		184BEE3726409CEC006BBC33 /* .swiftlint.yml */ = {isa = PBXFileReference; lastKnownFileType = text.yaml; path = .swiftlint.yml; sourceTree = "<group>"; };
		184BEE3826418676006BBC33 /* .github */ = {isa = PBXFileReference; lastKnownFileType = folder; path = .github; sourceTree = "<group>"; };
		184BEE3926418676006BBC33 /* build-docs.zsh */ = {isa = PBXFileReference; lastKnownFileType = text; path = "build-docs.zsh"; sourceTree = "<group>"; };
		184BEE3A26418750006BBC33 /* runtests.zsh */ = {isa = PBXFileReference; lastKnownFileType = text; path = runtests.zsh; sourceTree = "<group>"; };
		18AFC9B826404C9A0095D8E7 /* SystemSounds.app */ = {isa = PBXFileReference; explicitFileType = wrapper.application; includeInIndex = 0; path = SystemSounds.app; sourceTree = BUILT_PRODUCTS_DIR; };
		18AFC9BB26404C9A0095D8E7 /* SystemSoundsApp.swift */ = {isa = PBXFileReference; lastKnownFileType = sourcecode.swift; path = SystemSoundsApp.swift; sourceTree = "<group>"; };
		18AFC9BD26404C9A0095D8E7 /* ContentView.swift */ = {isa = PBXFileReference; lastKnownFileType = sourcecode.swift; path = ContentView.swift; sourceTree = "<group>"; };
		18AFC9BF26404C9B0095D8E7 /* Assets.xcassets */ = {isa = PBXFileReference; lastKnownFileType = folder.assetcatalog; path = Assets.xcassets; sourceTree = "<group>"; };
		18AFC9C226404C9B0095D8E7 /* Preview Assets.xcassets */ = {isa = PBXFileReference; lastKnownFileType = folder.assetcatalog; path = "Preview Assets.xcassets"; sourceTree = "<group>"; };
		18AFC9C426404C9B0095D8E7 /* Info.plist */ = {isa = PBXFileReference; lastKnownFileType = text.plist.xml; path = Info.plist; sourceTree = "<group>"; };
		18AFC9C926404C9B0095D8E7 /* SystemSoundsTests.xctest */ = {isa = PBXFileReference; explicitFileType = wrapper.cfbundle; includeInIndex = 0; path = SystemSoundsTests.xctest; sourceTree = BUILT_PRODUCTS_DIR; };
		18AFC9CD26404C9B0095D8E7 /* SystemSoundsTests.swift */ = {isa = PBXFileReference; lastKnownFileType = sourcecode.swift; path = SystemSoundsTests.swift; sourceTree = "<group>"; };
		18AFC9CF26404C9B0095D8E7 /* Info.plist */ = {isa = PBXFileReference; lastKnownFileType = text.plist.xml; path = Info.plist; sourceTree = "<group>"; };
		18AFC9D426404C9B0095D8E7 /* SystemSoundsUITests.xctest */ = {isa = PBXFileReference; explicitFileType = wrapper.cfbundle; includeInIndex = 0; path = SystemSoundsUITests.xctest; sourceTree = BUILT_PRODUCTS_DIR; };
		18AFC9D826404C9B0095D8E7 /* SystemSoundsUITests.swift */ = {isa = PBXFileReference; lastKnownFileType = sourcecode.swift; path = SystemSoundsUITests.swift; sourceTree = "<group>"; };
		18AFC9DA26404C9B0095D8E7 /* Info.plist */ = {isa = PBXFileReference; lastKnownFileType = text.plist.xml; path = Info.plist; sourceTree = "<group>"; };
		18AFC9E626404CB40095D8E7 /* Audio.swift */ = {isa = PBXFileReference; lastKnownFileType = sourcecode.swift; path = Audio.swift; sourceTree = "<group>"; };
/* End PBXFileReference section */

/* Begin PBXFrameworksBuildPhase section */
		18AFC9B526404C9A0095D8E7 /* Frameworks */ = {
			isa = PBXFrameworksBuildPhase;
			buildActionMask = 2147483647;
			files = (
			);
			runOnlyForDeploymentPostprocessing = 0;
		};
		18AFC9C626404C9B0095D8E7 /* Frameworks */ = {
			isa = PBXFrameworksBuildPhase;
			buildActionMask = 2147483647;
			files = (
			);
			runOnlyForDeploymentPostprocessing = 0;
		};
		18AFC9D126404C9B0095D8E7 /* Frameworks */ = {
			isa = PBXFrameworksBuildPhase;
			buildActionMask = 2147483647;
			files = (
			);
			runOnlyForDeploymentPostprocessing = 0;
		};
/* End PBXFrameworksBuildPhase section */

/* Begin PBXGroup section */
		18AFC9AF26404C9A0095D8E7 = {
			isa = PBXGroup;
			children = (
				184BEE3A26418750006BBC33 /* runtests.zsh */,
				184BEE3826418676006BBC33 /* .github */,
				184BEE3926418676006BBC33 /* build-docs.zsh */,
				184BEE3326409CEB006BBC33 /* .gitignore */,
				184BEE3426409CEB006BBC33 /* .swift-version */,
				184BEE3726409CEC006BBC33 /* .swiftlint.yml */,
				184BEE3526409CEB006BBC33 /* LICENSE */,
				184BEE3626409CEC006BBC33 /* README.md */,
				18AFC9BA26404C9A0095D8E7 /* SystemSounds */,
				18AFC9CC26404C9B0095D8E7 /* SystemSoundsTests */,
				18AFC9D726404C9B0095D8E7 /* SystemSoundsUITests */,
				18AFC9B926404C9A0095D8E7 /* Products */,
			);
			sourceTree = "<group>";
		};
		18AFC9B926404C9A0095D8E7 /* Products */ = {
			isa = PBXGroup;
			children = (
				18AFC9B826404C9A0095D8E7 /* SystemSounds.app */,
				18AFC9C926404C9B0095D8E7 /* SystemSoundsTests.xctest */,
				18AFC9D426404C9B0095D8E7 /* SystemSoundsUITests.xctest */,
			);
			name = Products;
			sourceTree = "<group>";
		};
		18AFC9BA26404C9A0095D8E7 /* SystemSounds */ = {
			isa = PBXGroup;
			children = (
				184BEE31264060EE006BBC33 /* serena.m4a */,
				18AFC9BB26404C9A0095D8E7 /* SystemSoundsApp.swift */,
				18AFC9BD26404C9A0095D8E7 /* ContentView.swift */,
				18AFC9BF26404C9B0095D8E7 /* Assets.xcassets */,
				18AFC9C426404C9B0095D8E7 /* Info.plist */,
				18AFC9C126404C9B0095D8E7 /* Preview Content */,
				18AFC9E626404CB40095D8E7 /* Audio.swift */,
			);
			path = SystemSounds;
			sourceTree = "<group>";
		};
		18AFC9C126404C9B0095D8E7 /* Preview Content */ = {
			isa = PBXGroup;
			children = (
				18AFC9C226404C9B0095D8E7 /* Preview Assets.xcassets */,
			);
			path = "Preview Content";
			sourceTree = "<group>";
		};
		18AFC9CC26404C9B0095D8E7 /* SystemSoundsTests */ = {
			isa = PBXGroup;
			children = (
				18AFC9CD26404C9B0095D8E7 /* SystemSoundsTests.swift */,
				18AFC9CF26404C9B0095D8E7 /* Info.plist */,
			);
			path = SystemSoundsTests;
			sourceTree = "<group>";
		};
		18AFC9D726404C9B0095D8E7 /* SystemSoundsUITests */ = {
			isa = PBXGroup;
			children = (
				18AFC9D826404C9B0095D8E7 /* SystemSoundsUITests.swift */,
				18AFC9DA26404C9B0095D8E7 /* Info.plist */,
			);
			path = SystemSoundsUITests;
			sourceTree = "<group>";
		};
/* End PBXGroup section */

/* Begin PBXNativeTarget section */
		18AFC9B726404C9A0095D8E7 /* SystemSounds */ = {
			isa = PBXNativeTarget;
			buildConfigurationList = 18AFC9DD26404C9B0095D8E7 /* Build configuration list for PBXNativeTarget "SystemSounds" */;
			buildPhases = (
				18AFC9B426404C9A0095D8E7 /* Sources */,
				18AFC9B526404C9A0095D8E7 /* Frameworks */,
				18AFC9B626404C9A0095D8E7 /* Resources */,
			);
			buildRules = (
			);
			dependencies = (
			);
			name = SystemSounds;
			productName = SystemSounds;
			productReference = 18AFC9B826404C9A0095D8E7 /* SystemSounds.app */;
			productType = "com.apple.product-type.application";
		};
		18AFC9C826404C9B0095D8E7 /* SystemSoundsTests */ = {
			isa = PBXNativeTarget;
			buildConfigurationList = 18AFC9E026404C9B0095D8E7 /* Build configuration list for PBXNativeTarget "SystemSoundsTests" */;
			buildPhases = (
				18AFC9C526404C9B0095D8E7 /* Sources */,
				18AFC9C626404C9B0095D8E7 /* Frameworks */,
				18AFC9C726404C9B0095D8E7 /* Resources */,
			);
			buildRules = (
			);
			dependencies = (
				18AFC9CB26404C9B0095D8E7 /* PBXTargetDependency */,
			);
			name = SystemSoundsTests;
			productName = SystemSoundsTests;
			productReference = 18AFC9C926404C9B0095D8E7 /* SystemSoundsTests.xctest */;
			productType = "com.apple.product-type.bundle.unit-test";
		};
		18AFC9D326404C9B0095D8E7 /* SystemSoundsUITests */ = {
			isa = PBXNativeTarget;
			buildConfigurationList = 18AFC9E326404C9B0095D8E7 /* Build configuration list for PBXNativeTarget "SystemSoundsUITests" */;
			buildPhases = (
				18AFC9D026404C9B0095D8E7 /* Sources */,
				18AFC9D126404C9B0095D8E7 /* Frameworks */,
				18AFC9D226404C9B0095D8E7 /* Resources */,
			);
			buildRules = (
			);
			dependencies = (
				18AFC9D626404C9B0095D8E7 /* PBXTargetDependency */,
			);
			name = SystemSoundsUITests;
			productName = SystemSoundsUITests;
			productReference = 18AFC9D426404C9B0095D8E7 /* SystemSoundsUITests.xctest */;
			productType = "com.apple.product-type.bundle.ui-testing";
		};
/* End PBXNativeTarget section */

/* Begin PBXProject section */
		18AFC9B026404C9A0095D8E7 /* Project object */ = {
			isa = PBXProject;
			attributes = {
				LastSwiftUpdateCheck = 1250;
				LastUpgradeCheck = 1250;
				TargetAttributes = {
					18AFC9B726404C9A0095D8E7 = {
						CreatedOnToolsVersion = 12.5;
					};
					18AFC9C826404C9B0095D8E7 = {
						CreatedOnToolsVersion = 12.5;
						TestTargetID = 18AFC9B726404C9A0095D8E7;
					};
					18AFC9D326404C9B0095D8E7 = {
						CreatedOnToolsVersion = 12.5;
						TestTargetID = 18AFC9B726404C9A0095D8E7;
					};
				};
			};
			buildConfigurationList = 18AFC9B326404C9A0095D8E7 /* Build configuration list for PBXProject "SystemSounds" */;
			compatibilityVersion = "Xcode 9.3";
			developmentRegion = en;
			hasScannedForEncodings = 0;
			knownRegions = (
				en,
				Base,
			);
			mainGroup = 18AFC9AF26404C9A0095D8E7;
			productRefGroup = 18AFC9B926404C9A0095D8E7 /* Products */;
			projectDirPath = "";
			projectRoot = "";
			targets = (
				18AFC9B726404C9A0095D8E7 /* SystemSounds */,
				18AFC9C826404C9B0095D8E7 /* SystemSoundsTests */,
				18AFC9D326404C9B0095D8E7 /* SystemSoundsUITests */,
			);
		};
/* End PBXProject section */

/* Begin PBXResourcesBuildPhase section */
		18AFC9B626404C9A0095D8E7 /* Resources */ = {
			isa = PBXResourcesBuildPhase;
			buildActionMask = 2147483647;
			files = (
				18AFC9C326404C9B0095D8E7 /* Preview Assets.xcassets in Resources */,
				18AFC9C026404C9B0095D8E7 /* Assets.xcassets in Resources */,
				184BEE32264060EE006BBC33 /* serena.m4a in Resources */,
			);
			runOnlyForDeploymentPostprocessing = 0;
		};
		18AFC9C726404C9B0095D8E7 /* Resources */ = {
			isa = PBXResourcesBuildPhase;
			buildActionMask = 2147483647;
			files = (
			);
			runOnlyForDeploymentPostprocessing = 0;
		};
		18AFC9D226404C9B0095D8E7 /* Resources */ = {
			isa = PBXResourcesBuildPhase;
			buildActionMask = 2147483647;
			files = (
			);
			runOnlyForDeploymentPostprocessing = 0;
		};
/* End PBXResourcesBuildPhase section */

/* Begin PBXSourcesBuildPhase section */
		18AFC9B426404C9A0095D8E7 /* Sources */ = {
			isa = PBXSourcesBuildPhase;
			buildActionMask = 2147483647;
			files = (
				18AFC9E726404CB40095D8E7 /* Audio.swift in Sources */,
				18AFC9BE26404C9A0095D8E7 /* ContentView.swift in Sources */,
				18AFC9BC26404C9A0095D8E7 /* SystemSoundsApp.swift in Sources */,
			);
			runOnlyForDeploymentPostprocessing = 0;
		};
		18AFC9C526404C9B0095D8E7 /* Sources */ = {
			isa = PBXSourcesBuildPhase;
			buildActionMask = 2147483647;
			files = (
				18AFC9CE26404C9B0095D8E7 /* SystemSoundsTests.swift in Sources */,
			);
			runOnlyForDeploymentPostprocessing = 0;
		};
		18AFC9D026404C9B0095D8E7 /* Sources */ = {
			isa = PBXSourcesBuildPhase;
			buildActionMask = 2147483647;
			files = (
				18AFC9D926404C9B0095D8E7 /* SystemSoundsUITests.swift in Sources */,
			);
			runOnlyForDeploymentPostprocessing = 0;
		};
/* End PBXSourcesBuildPhase section */

/* Begin PBXTargetDependency section */
		18AFC9CB26404C9B0095D8E7 /* PBXTargetDependency */ = {
			isa = PBXTargetDependency;
			target = 18AFC9B726404C9A0095D8E7 /* SystemSounds */;
			targetProxy = 18AFC9CA26404C9B0095D8E7 /* PBXContainerItemProxy */;
		};
		18AFC9D626404C9B0095D8E7 /* PBXTargetDependency */ = {
			isa = PBXTargetDependency;
			target = 18AFC9B726404C9A0095D8E7 /* SystemSounds */;
			targetProxy = 18AFC9D526404C9B0095D8E7 /* PBXContainerItemProxy */;
		};
/* End PBXTargetDependency section */

/* Begin XCBuildConfiguration section */
		18AFC9DB26404C9B0095D8E7 /* Debug */ = {
			isa = XCBuildConfiguration;
			buildSettings = {
				ALWAYS_SEARCH_USER_PATHS = NO;
				CLANG_ANALYZER_NONNULL = YES;
				CLANG_ANALYZER_NUMBER_OBJECT_CONVERSION = YES_AGGRESSIVE;
				CLANG_CXX_LANGUAGE_STANDARD = "gnu++14";
				CLANG_CXX_LIBRARY = "libc++";
				CLANG_ENABLE_MODULES = YES;
				CLANG_ENABLE_OBJC_ARC = YES;
				CLANG_ENABLE_OBJC_WEAK = YES;
				CLANG_WARN_BLOCK_CAPTURE_AUTORELEASING = YES;
				CLANG_WARN_BOOL_CONVERSION = YES;
				CLANG_WARN_COMMA = YES;
				CLANG_WARN_CONSTANT_CONVERSION = YES;
				CLANG_WARN_DEPRECATED_OBJC_IMPLEMENTATIONS = YES;
				CLANG_WARN_DIRECT_OBJC_ISA_USAGE = YES_ERROR;
				CLANG_WARN_DOCUMENTATION_COMMENTS = YES;
				CLANG_WARN_EMPTY_BODY = YES;
				CLANG_WARN_ENUM_CONVERSION = YES;
				CLANG_WARN_INFINITE_RECURSION = YES;
				CLANG_WARN_INT_CONVERSION = YES;
				CLANG_WARN_NON_LITERAL_NULL_CONVERSION = YES;
				CLANG_WARN_OBJC_IMPLICIT_RETAIN_SELF = YES;
				CLANG_WARN_OBJC_LITERAL_CONVERSION = YES;
				CLANG_WARN_OBJC_ROOT_CLASS = YES_ERROR;
				CLANG_WARN_QUOTED_INCLUDE_IN_FRAMEWORK_HEADER = YES;
				CLANG_WARN_RANGE_LOOP_ANALYSIS = YES;
				CLANG_WARN_STRICT_PROTOTYPES = YES;
				CLANG_WARN_SUSPICIOUS_MOVE = YES;
				CLANG_WARN_UNGUARDED_AVAILABILITY = YES_AGGRESSIVE;
				CLANG_WARN_UNREACHABLE_CODE = YES;
				CLANG_WARN__DUPLICATE_METHOD_MATCH = YES;
				COPY_PHASE_STRIP = NO;
				DEBUG_INFORMATION_FORMAT = dwarf;
				ENABLE_STRICT_OBJC_MSGSEND = YES;
				ENABLE_TESTABILITY = YES;
				GCC_C_LANGUAGE_STANDARD = gnu11;
				GCC_DYNAMIC_NO_PIC = NO;
				GCC_NO_COMMON_BLOCKS = YES;
				GCC_OPTIMIZATION_LEVEL = 0;
				GCC_PREPROCESSOR_DEFINITIONS = (
					"DEBUG=1",
					"$(inherited)",
				);
				GCC_WARN_64_TO_32_BIT_CONVERSION = YES;
				GCC_WARN_ABOUT_RETURN_TYPE = YES_ERROR;
				GCC_WARN_UNDECLARED_SELECTOR = YES;
				GCC_WARN_UNINITIALIZED_AUTOS = YES_AGGRESSIVE;
				GCC_WARN_UNUSED_FUNCTION = YES;
				GCC_WARN_UNUSED_VARIABLE = YES;
				IPHONEOS_DEPLOYMENT_TARGET = 14.5;
				MTL_ENABLE_DEBUG_INFO = INCLUDE_SOURCE;
				MTL_FAST_MATH = YES;
				ONLY_ACTIVE_ARCH = YES;
				SDKROOT = iphoneos;
				SWIFT_ACTIVE_COMPILATION_CONDITIONS = DEBUG;
				SWIFT_OPTIMIZATION_LEVEL = "-Onone";
			};
			name = Debug;
		};
		18AFC9DC26404C9B0095D8E7 /* Release */ = {
			isa = XCBuildConfiguration;
			buildSettings = {
				ALWAYS_SEARCH_USER_PATHS = NO;
				CLANG_ANALYZER_NONNULL = YES;
				CLANG_ANALYZER_NUMBER_OBJECT_CONVERSION = YES_AGGRESSIVE;
				CLANG_CXX_LANGUAGE_STANDARD = "gnu++14";
				CLANG_CXX_LIBRARY = "libc++";
				CLANG_ENABLE_MODULES = YES;
				CLANG_ENABLE_OBJC_ARC = YES;
				CLANG_ENABLE_OBJC_WEAK = YES;
				CLANG_WARN_BLOCK_CAPTURE_AUTORELEASING = YES;
				CLANG_WARN_BOOL_CONVERSION = YES;
				CLANG_WARN_COMMA = YES;
				CLANG_WARN_CONSTANT_CONVERSION = YES;
				CLANG_WARN_DEPRECATED_OBJC_IMPLEMENTATIONS = YES;
				CLANG_WARN_DIRECT_OBJC_ISA_USAGE = YES_ERROR;
				CLANG_WARN_DOCUMENTATION_COMMENTS = YES;
				CLANG_WARN_EMPTY_BODY = YES;
				CLANG_WARN_ENUM_CONVERSION = YES;
				CLANG_WARN_INFINITE_RECURSION = YES;
				CLANG_WARN_INT_CONVERSION = YES;
				CLANG_WARN_NON_LITERAL_NULL_CONVERSION = YES;
				CLANG_WARN_OBJC_IMPLICIT_RETAIN_SELF = YES;
				CLANG_WARN_OBJC_LITERAL_CONVERSION = YES;
				CLANG_WARN_OBJC_ROOT_CLASS = YES_ERROR;
				CLANG_WARN_QUOTED_INCLUDE_IN_FRAMEWORK_HEADER = YES;
				CLANG_WARN_RANGE_LOOP_ANALYSIS = YES;
				CLANG_WARN_STRICT_PROTOTYPES = YES;
				CLANG_WARN_SUSPICIOUS_MOVE = YES;
				CLANG_WARN_UNGUARDED_AVAILABILITY = YES_AGGRESSIVE;
				CLANG_WARN_UNREACHABLE_CODE = YES;
				CLANG_WARN__DUPLICATE_METHOD_MATCH = YES;
				COPY_PHASE_STRIP = NO;
				DEBUG_INFORMATION_FORMAT = "dwarf-with-dsym";
				ENABLE_NS_ASSERTIONS = NO;
				ENABLE_STRICT_OBJC_MSGSEND = YES;
				GCC_C_LANGUAGE_STANDARD = gnu11;
				GCC_NO_COMMON_BLOCKS = YES;
				GCC_WARN_64_TO_32_BIT_CONVERSION = YES;
				GCC_WARN_ABOUT_RETURN_TYPE = YES_ERROR;
				GCC_WARN_UNDECLARED_SELECTOR = YES;
				GCC_WARN_UNINITIALIZED_AUTOS = YES_AGGRESSIVE;
				GCC_WARN_UNUSED_FUNCTION = YES;
				GCC_WARN_UNUSED_VARIABLE = YES;
				IPHONEOS_DEPLOYMENT_TARGET = 14.5;
				MTL_ENABLE_DEBUG_INFO = NO;
				MTL_FAST_MATH = YES;
				SDKROOT = iphoneos;
				SWIFT_COMPILATION_MODE = wholemodule;
				SWIFT_OPTIMIZATION_LEVEL = "-O";
				VALIDATE_PRODUCT = YES;
			};
			name = Release;
		};
		18AFC9DE26404C9B0095D8E7 /* Debug */ = {
			isa = XCBuildConfiguration;
			buildSettings = {
				ASSETCATALOG_COMPILER_APPICON_NAME = AppIcon;
				ASSETCATALOG_COMPILER_GLOBAL_ACCENT_COLOR_NAME = AccentColor;
				CODE_SIGN_STYLE = Automatic;
				DEVELOPMENT_ASSET_PATHS = "\"SystemSounds/Preview Content\"";
				DEVELOPMENT_TEAM = 4UDK2944TW;
				ENABLE_PREVIEWS = YES;
				INFOPLIST_FILE = SystemSounds/Info.plist;
				IPHONEOS_DEPLOYMENT_TARGET = 14.0;
				LD_RUNPATH_SEARCH_PATHS = (
					"$(inherited)",
					"@executable_path/Frameworks",
				);
				PRODUCT_BUNDLE_IDENTIFIER = com.rockhoppertech.SystemSounds;
				PRODUCT_NAME = "$(TARGET_NAME)";
				SWIFT_VERSION = 5.0;
				TARGETED_DEVICE_FAMILY = "1,2";
			};
			name = Debug;
		};
		18AFC9DF26404C9B0095D8E7 /* Release */ = {
			isa = XCBuildConfiguration;
			buildSettings = {
				ASSETCATALOG_COMPILER_APPICON_NAME = AppIcon;
				ASSETCATALOG_COMPILER_GLOBAL_ACCENT_COLOR_NAME = AccentColor;
				CODE_SIGN_STYLE = Automatic;
				DEVELOPMENT_ASSET_PATHS = "\"SystemSounds/Preview Content\"";
				DEVELOPMENT_TEAM = 4UDK2944TW;
				ENABLE_PREVIEWS = YES;
				INFOPLIST_FILE = SystemSounds/Info.plist;
				IPHONEOS_DEPLOYMENT_TARGET = 14.0;
				LD_RUNPATH_SEARCH_PATHS = (
					"$(inherited)",
					"@executable_path/Frameworks",
				);
				PRODUCT_BUNDLE_IDENTIFIER = com.rockhoppertech.SystemSounds;
				PRODUCT_NAME = "$(TARGET_NAME)";
				SWIFT_VERSION = 5.0;
				TARGETED_DEVICE_FAMILY = "1,2";
			};
			name = Release;
		};
		18AFC9E126404C9B0095D8E7 /* Debug */ = {
			isa = XCBuildConfiguration;
			buildSettings = {
				ALWAYS_EMBED_SWIFT_STANDARD_LIBRARIES = YES;
				BUNDLE_LOADER = "$(TEST_HOST)";
				CODE_SIGN_STYLE = Automatic;
				DEVELOPMENT_TEAM = 4UDK2944TW;
				INFOPLIST_FILE = SystemSoundsTests/Info.plist;
				IPHONEOS_DEPLOYMENT_TARGET = 14.0;
				LD_RUNPATH_SEARCH_PATHS = (
					"$(inherited)",
					"@executable_path/Frameworks",
					"@loader_path/Frameworks",
				);
				PRODUCT_BUNDLE_IDENTIFIER = com.rockhoppertech.SystemSoundsTests;
				PRODUCT_NAME = "$(TARGET_NAME)";
				SWIFT_VERSION = 5.0;
				TARGETED_DEVICE_FAMILY = "1,2";
				TEST_HOST = "$(BUILT_PRODUCTS_DIR)/SystemSounds.app/SystemSounds";
			};
			name = Debug;
		};
		18AFC9E226404C9B0095D8E7 /* Release */ = {
			isa = XCBuildConfiguration;
			buildSettings = {
				ALWAYS_EMBED_SWIFT_STANDARD_LIBRARIES = YES;
				BUNDLE_LOADER = "$(TEST_HOST)";
				CODE_SIGN_STYLE = Automatic;
				DEVELOPMENT_TEAM = 4UDK2944TW;
				INFOPLIST_FILE = SystemSoundsTests/Info.plist;
				IPHONEOS_DEPLOYMENT_TARGET = 14.0;
				LD_RUNPATH_SEARCH_PATHS = (
					"$(inherited)",
					"@executable_path/Frameworks",
					"@loader_path/Frameworks",
				);
				PRODUCT_BUNDLE_IDENTIFIER = com.rockhoppertech.SystemSoundsTests;
				PRODUCT_NAME = "$(TARGET_NAME)";
				SWIFT_VERSION = 5.0;
				TARGETED_DEVICE_FAMILY = "1,2";
				TEST_HOST = "$(BUILT_PRODUCTS_DIR)/SystemSounds.app/SystemSounds";
			};
			name = Release;
		};
		18AFC9E426404C9B0095D8E7 /* Debug */ = {
			isa = XCBuildConfiguration;
			buildSettings = {
				ALWAYS_EMBED_SWIFT_STANDARD_LIBRARIES = YES;
				CODE_SIGN_STYLE = Automatic;
				DEVELOPMENT_TEAM = 4UDK2944TW;
				INFOPLIST_FILE = SystemSoundsUITests/Info.plist;
				LD_RUNPATH_SEARCH_PATHS = (
					"$(inherited)",
					"@executable_path/Frameworks",
					"@loader_path/Frameworks",
				);
				PRODUCT_BUNDLE_IDENTIFIER = com.rockhoppertech.SystemSoundsUITests;
				PRODUCT_NAME = "$(TARGET_NAME)";
				SWIFT_VERSION = 5.0;
				TARGETED_DEVICE_FAMILY = "1,2";
				TEST_TARGET_NAME = SystemSounds;
			};
			name = Debug;
		};
		18AFC9E526404C9B0095D8E7 /* Release */ = {
			isa = XCBuildConfiguration;
			buildSettings = {
				ALWAYS_EMBED_SWIFT_STANDARD_LIBRARIES = YES;
				CODE_SIGN_STYLE = Automatic;
				DEVELOPMENT_TEAM = 4UDK2944TW;
				INFOPLIST_FILE = SystemSoundsUITests/Info.plist;
				LD_RUNPATH_SEARCH_PATHS = (
					"$(inherited)",
					"@executable_path/Frameworks",
					"@loader_path/Frameworks",
				);
				PRODUCT_BUNDLE_IDENTIFIER = com.rockhoppertech.SystemSoundsUITests;
				PRODUCT_NAME = "$(TARGET_NAME)";
				SWIFT_VERSION = 5.0;
				TARGETED_DEVICE_FAMILY = "1,2";
				TEST_TARGET_NAME = SystemSounds;
			};
			name = Release;
		};
/* End XCBuildConfiguration section */

/* Begin XCConfigurationList section */
		18AFC9B326404C9A0095D8E7 /* Build configuration list for PBXProject "SystemSounds" */ = {
			isa = XCConfigurationList;
			buildConfigurations = (
				18AFC9DB26404C9B0095D8E7 /* Debug */,
				18AFC9DC26404C9B0095D8E7 /* Release */,
			);
			defaultConfigurationIsVisible = 0;
			defaultConfigurationName = Release;
		};
		18AFC9DD26404C9B0095D8E7 /* Build configuration list for PBXNativeTarget "SystemSounds" */ = {
			isa = XCConfigurationList;
			buildConfigurations = (
				18AFC9DE26404C9B0095D8E7 /* Debug */,
				18AFC9DF26404C9B0095D8E7 /* Release */,
			);
			defaultConfigurationIsVisible = 0;
			defaultConfigurationName = Release;
		};
		18AFC9E026404C9B0095D8E7 /* Build configuration list for PBXNativeTarget "SystemSoundsTests" */ = {
			isa = XCConfigurationList;
			buildConfigurations = (
				18AFC9E126404C9B0095D8E7 /* Debug */,
				18AFC9E226404C9B0095D8E7 /* Release */,
			);
			defaultConfigurationIsVisible = 0;
			defaultConfigurationName = Release;
		};
		18AFC9E326404C9B0095D8E7 /* Build configuration list for PBXNativeTarget "SystemSoundsUITests" */ = {
			isa = XCConfigurationList;
			buildConfigurations = (
				18AFC9E426404C9B0095D8E7 /* Debug */,
				18AFC9E526404C9B0095D8E7 /* Release */,
			);
			defaultConfigurationIsVisible = 0;
			defaultConfigurationName = Release;
		};
/* End XCConfigurationList section */
	};
	rootObject = 18AFC9B026404C9A0095D8E7 /* Project object */;
}
